
Microsoft Visual Studio Solution File, Format Version 12.00
# Visual Studio Version 17
VisualStudioVersion = 17.6.33829.357
MinimumVisualStudioVersion = 10.0.40219.1
Project("{FAE04EC0-301F-11D3-BF4B-00C04F79EFBC}") = "NBomberDemo.Api", "NBomberDemo.Api\NBomberDemo.Api.csproj", "{D3279C39-705A-4AE7-9AC4-BA5E0EA4A4DC}"
EndProject
Project("{FAE04EC0-301F-11D3-BF4B-00C04F79EFBC}") = "NBomberDemo.LoadTests", "NBomberDemo.LoadTests\NBomberDemo.LoadTests.csproj", "{F03A6D6C-4E00-425C-BA32-D4F741130D51}"
EndProject
Global
	GlobalSection(SolutionConfigurationPlatforms) = preSolution
		Debug|Any CPU = Debug|Any CPU
		Release|Any CPU = Release|Any CPU
	EndGlobalSection
	GlobalSection(ProjectConfigurationPlatforms) = postSolution
		{D3279C39-705A-4AE7-9AC4-BA5E0EA4A4DC}.Debug|Any CPU.ActiveCfg = Debug|Any CPU
		{D3279C39-705A-4AE7-9AC4-BA5E0EA4A4DC}.Debug|Any CPU.Build.0 = Debug|Any CPU
		{D3279C39-705A-4AE7-9AC4-BA5E0EA4A4DC}.Release|Any CPU.ActiveCfg = Release|Any CPU
		{D3279C39-705A-4AE7-9AC4-BA5E0EA4A4DC}.Release|Any CPU.Build.0 = Release|Any CPU
		{F03A6D6C-4E00-425C-BA32-D4F741130D51}.Debug|Any CPU.ActiveCfg = Debug|Any CPU
		{F03A6D6C-4E00-425C-BA32-D4F741130D51}.Debug|Any CPU.Build.0 = Debug|Any CPU
		{F03A6D6C-4E00-425C-BA32-D4F741130D51}.Release|Any CPU.ActiveCfg = Release|Any CPU
		{F03A6D6C-4E00-425C-BA32-D4F741130D51}.Release|Any CPU.Build.0 = Release|Any CPU
	EndGlobalSection
	GlobalSection(SolutionProperties) = preSolution
		HideSolutionNode = FALSE
	EndGlobalSection
	GlobalSection(ExtensibilityGlobals) = postSolution
		SolutionGuid = {1ADFE919-A7CD-4BAF-A58B-A7B9599189ED}
	EndGlobalSection
EndGlobal
